
Microsoft Visual Studio Solution File, Format Version 12.00
# Visual Studio Version 17
VisualStudioVersion = 17.12.35514.174 d17.12
MinimumVisualStudioVersion = 10.0.40219.1
Project("{FAE04EC0-301F-11D3-BF4B-00C04F79EFBC}") = "WpfSql", "WpfSql\WpfSql.csproj", "{8FC9C2FC-A2F6-4FE8-BF08-BC3B2A8F5287}"
EndProject
Global
	GlobalSection(SolutionConfigurationPlatforms) = preSolution
		Debug|Any CPU = Debug|Any CPU
		Release|Any CPU = Release|Any CPU
	EndGlobalSection
	GlobalSection(ProjectConfigurationPlatforms) = postSolution
		{8FC9C2FC-A2F6-4FE8-BF08-BC3B2A8F5287}.Debug|Any CPU.ActiveCfg = Debug|Any CPU
		{8FC9C2FC-A2F6-4FE8-BF08-BC3B2A8F5287}.Debug|Any CPU.Build.0 = Debug|Any CPU
		{8FC9C2FC-A2F6-4FE8-BF08-BC3B2A8F5287}.Release|Any CPU.ActiveCfg = Release|Any CPU
		{8FC9C2FC-A2F6-4FE8-BF08-BC3B2A8F5287}.Release|Any CPU.Build.0 = Release|Any CPU
	EndGlobalSection
	GlobalSection(SolutionProperties) = preSolution
		HideSolutionNode = FALSE
	EndGlobalSection
EndGlobal
